// !$*UTF8*$!
{
	archiveVersion = 1;
	classes = {
	};
	objectVersion = 48;
	objects = {

/* Begin PBXBuildFile section */
		01650D59206D4AF200D624C3 /* AppDelegate.m in Sources */ = {isa = PBXBuildFile; fileRef = 01650D58206D4AF200D624C3 /* AppDelegate.m */; };
		01650D5B206D4AF200D624C3 /* Assets.xcassets in Resources */ = {isa = PBXBuildFile; fileRef = 01650D5A206D4AF200D624C3 /* Assets.xcassets */; };
		01650D5E206D4AF200D624C3 /* MainMenu.xib in Resources */ = {isa = PBXBuildFile; fileRef = 01650D5C206D4AF200D624C3 /* MainMenu.xib */; };
		01650D61206D4AF200D624C3 /* main.m in Sources */ = {isa = PBXBuildFile; fileRef = 01650D60206D4AF200D624C3 /* main.m */; };
		01650D6C206D4AF200D624C3 /* ImageBase64Tests.m in Sources */ = {isa = PBXBuildFile; fileRef = 01650D6B206D4AF200D624C3 /* ImageBase64Tests.m */; };
		01650D77206D4AF200D624C3 /* ImageBase64UITests.m in Sources */ = {isa = PBXBuildFile; fileRef = 01650D76206D4AF200D624C3 /* ImageBase64UITests.m */; };
/* End PBXBuildFile section */

/* Begin PBXContainerItemProxy section */
		01650D68206D4AF200D624C3 /* PBXContainerItemProxy */ = {
			isa = PBXContainerItemProxy;
			containerPortal = 01650D4C206D4AF200D624C3 /* Project object */;
			proxyType = 1;
			remoteGlobalIDString = 01650D53206D4AF200D624C3;
			remoteInfo = ImageBase64;
		};
		01650D73206D4AF200D624C3 /* PBXContainerItemProxy */ = {
			isa = PBXContainerItemProxy;
			containerPortal = 01650D4C206D4AF200D624C3 /* Project object */;
			proxyType = 1;
			remoteGlobalIDString = 01650D53206D4AF200D624C3;
			remoteInfo = ImageBase64;
		};
/* End PBXContainerItemProxy section */

/* Begin PBXFileReference section */
		01650D54206D4AF200D624C3 /* ImageBase64.app */ = {isa = PBXFileReference; explicitFileType = wrapper.application; includeInIndex = 0; path = ImageBase64.app; sourceTree = BUILT_PRODUCTS_DIR; };
		01650D57206D4AF200D624C3 /* AppDelegate.h */ = {isa = PBXFileReference; lastKnownFileType = sourcecode.c.h; path = AppDelegate.h; sourceTree = "<group>"; };
		01650D58206D4AF200D624C3 /* AppDelegate.m */ = {isa = PBXFileReference; lastKnownFileType = sourcecode.c.objc; path = AppDelegate.m; sourceTree = "<group>"; };
		01650D5A206D4AF200D624C3 /* Assets.xcassets */ = {isa = PBXFileReference; lastKnownFileType = folder.assetcatalog; path = Assets.xcassets; sourceTree = "<group>"; };
		01650D5D206D4AF200D624C3 /* Base */ = {isa = PBXFileReference; lastKnownFileType = file.xib; name = Base; path = Base.lproj/MainMenu.xib; sourceTree = "<group>"; };
		01650D5F206D4AF200D624C3 /* Info.plist */ = {isa = PBXFileReference; lastKnownFileType = text.plist.xml; path = Info.plist; sourceTree = "<group>"; };
		01650D60206D4AF200D624C3 /* main.m */ = {isa = PBXFileReference; lastKnownFileType = sourcecode.c.objc; path = main.m; sourceTree = "<group>"; };
		01650D62206D4AF200D624C3 /* ImageBase64.entitlements */ = {isa = PBXFileReference; lastKnownFileType = text.plist.entitlements; path = ImageBase64.entitlements; sourceTree = "<group>"; };
		01650D67206D4AF200D624C3 /* ImageBase64Tests.xctest */ = {isa = PBXFileReference; explicitFileType = wrapper.cfbundle; includeInIndex = 0; path = ImageBase64Tests.xctest; sourceTree = BUILT_PRODUCTS_DIR; };
		01650D6B206D4AF200D624C3 /* ImageBase64Tests.m */ = {isa = PBXFileReference; lastKnownFileType = sourcecode.c.objc; path = ImageBase64Tests.m; sourceTree = "<group>"; };
		01650D6D206D4AF200D624C3 /* Info.plist */ = {isa = PBXFileReference; lastKnownFileType = text.plist.xml; path = Info.plist; sourceTree = "<group>"; };
		01650D72206D4AF200D624C3 /* ImageBase64UITests.xctest */ = {isa = PBXFileReference; explicitFileType = wrapper.cfbundle; includeInIndex = 0; path = ImageBase64UITests.xctest; sourceTree = BUILT_PRODUCTS_DIR; };
		01650D76206D4AF200D624C3 /* ImageBase64UITests.m */ = {isa = PBXFileReference; lastKnownFileType = sourcecode.c.objc; path = ImageBase64UITests.m; sourceTree = "<group>"; };
		01650D78206D4AF200D624C3 /* Info.plist */ = {isa = PBXFileReference; lastKnownFileType = text.plist.xml; path = Info.plist; sourceTree = "<group>"; };
/* End PBXFileReference section */

/* Begin PBXFrameworksBuildPhase section */
		01650D51206D4AF200D624C3 /* Frameworks */ = {
			isa = PBXFrameworksBuildPhase;
			buildActionMask = 2147483647;
			files = (
			);
			runOnlyForDeploymentPostprocessing = 0;
		};
		01650D64206D4AF200D624C3 /* Frameworks */ = {
			isa = PBXFrameworksBuildPhase;
			buildActionMask = 2147483647;
			files = (
			);
			runOnlyForDeploymentPostprocessing = 0;
		};
		01650D6F206D4AF200D624C3 /* Frameworks */ = {
			isa = PBXFrameworksBuildPhase;
			buildActionMask = 2147483647;
			files = (
			);
			runOnlyForDeploymentPostprocessing = 0;
		};
/* End PBXFrameworksBuildPhase section */

/* Begin PBXGroup section */
		01650D4B206D4AF200D624C3 = {
			isa = PBXGroup;
			children = (
				01650D56206D4AF200D624C3 /* ImageBase64 */,
				01650D6A206D4AF200D624C3 /* ImageBase64Tests */,
				01650D75206D4AF200D624C3 /* ImageBase64UITests */,
				01650D55206D4AF200D624C3 /* Products */,
			);
			sourceTree = "<group>";
		};
		01650D55206D4AF200D624C3 /* Products */ = {
			isa = PBXGroup;
			children = (
				01650D54206D4AF200D624C3 /* ImageBase64.app */,
				01650D67206D4AF200D624C3 /* ImageBase64Tests.xctest */,
				01650D72206D4AF200D624C3 /* ImageBase64UITests.xctest */,
			);
			name = Products;
			sourceTree = "<group>";
		};
		01650D56206D4AF200D624C3 /* ImageBase64 */ = {
			isa = PBXGroup;
			children = (
				01650D57206D4AF200D624C3 /* AppDelegate.h */,
				01650D58206D4AF200D624C3 /* AppDelegate.m */,
				01650D5A206D4AF200D624C3 /* Assets.xcassets */,
				01650D5C206D4AF200D624C3 /* MainMenu.xib */,
				01650D5F206D4AF200D624C3 /* Info.plist */,
				01650D60206D4AF200D624C3 /* main.m */,
				01650D62206D4AF200D624C3 /* ImageBase64.entitlements */,
			);
			path = ImageBase64;
			sourceTree = "<group>";
		};
		01650D6A206D4AF200D624C3 /* ImageBase64Tests */ = {
			isa = PBXGroup;
			children = (
				01650D6B206D4AF200D624C3 /* ImageBase64Tests.m */,
				01650D6D206D4AF200D624C3 /* Info.plist */,
			);
			path = ImageBase64Tests;
			sourceTree = "<group>";
		};
		01650D75206D4AF200D624C3 /* ImageBase64UITests */ = {
			isa = PBXGroup;
			children = (
				01650D76206D4AF200D624C3 /* ImageBase64UITests.m */,
				01650D78206D4AF200D624C3 /* Info.plist */,
			);
			path = ImageBase64UITests;
			sourceTree = "<group>";
		};
/* End PBXGroup section */

/* Begin PBXNativeTarget section */
		01650D53206D4AF200D624C3 /* ImageBase64 */ = {
			isa = PBXNativeTarget;
			buildConfigurationList = 01650D7B206D4AF200D624C3 /* Build configuration list for PBXNativeTarget "ImageBase64" */;
			buildPhases = (
				01650D50206D4AF200D624C3 /* Sources */,
				01650D51206D4AF200D624C3 /* Frameworks */,
				01650D52206D4AF200D624C3 /* Resources */,
			);
			buildRules = (
			);
			dependencies = (
			);
			name = ImageBase64;
			productName = ImageBase64;
			productReference = 01650D54206D4AF200D624C3 /* ImageBase64.app */;
			productType = "com.apple.product-type.application";
		};
		01650D66206D4AF200D624C3 /* ImageBase64Tests */ = {
			isa = PBXNativeTarget;
			buildConfigurationList = 01650D7E206D4AF200D624C3 /* Build configuration list for PBXNativeTarget "ImageBase64Tests" */;
			buildPhases = (
				01650D63206D4AF200D624C3 /* Sources */,
				01650D64206D4AF200D624C3 /* Frameworks */,
				01650D65206D4AF200D624C3 /* Resources */,
			);
			buildRules = (
			);
			dependencies = (
				01650D69206D4AF200D624C3 /* PBXTargetDependency */,
			);
			name = ImageBase64Tests;
			productName = ImageBase64Tests;
			productReference = 01650D67206D4AF200D624C3 /* ImageBase64Tests.xctest */;
			productType = "com.apple.product-type.bundle.unit-test";
		};
		01650D71206D4AF200D624C3 /* ImageBase64UITests */ = {
			isa = PBXNativeTarget;
			buildConfigurationList = 01650D81206D4AF200D624C3 /* Build configuration list for PBXNativeTarget "ImageBase64UITests" */;
			buildPhases = (
				01650D6E206D4AF200D624C3 /* Sources */,
				01650D6F206D4AF200D624C3 /* Frameworks */,
				01650D70206D4AF200D624C3 /* Resources */,
			);
			buildRules = (
			);
			dependencies = (
				01650D74206D4AF200D624C3 /* PBXTargetDependency */,
			);
			name = ImageBase64UITests;
			productName = ImageBase64UITests;
			productReference = 01650D72206D4AF200D624C3 /* ImageBase64UITests.xctest */;
			productType = "com.apple.product-type.bundle.ui-testing";
		};
/* End PBXNativeTarget section */

/* Begin PBXProject section */
		01650D4C206D4AF200D624C3 /* Project object */ = {
			isa = PBXProject;
			attributes = {
				LastUpgradeCheck = 0920;
				ORGANIZATIONNAME = "Kris Herlaar";
				TargetAttributes = {
					01650D53206D4AF200D624C3 = {
						CreatedOnToolsVersion = 9.2;
						ProvisioningStyle = Automatic;
					};
					01650D66206D4AF200D624C3 = {
						CreatedOnToolsVersion = 9.2;
						ProvisioningStyle = Automatic;
						TestTargetID = 01650D53206D4AF200D624C3;
					};
					01650D71206D4AF200D624C3 = {
						CreatedOnToolsVersion = 9.2;
						ProvisioningStyle = Automatic;
						TestTargetID = 01650D53206D4AF200D624C3;
					};
				};
			};
			buildConfigurationList = 01650D4F206D4AF200D624C3 /* Build configuration list for PBXProject "ImageBase64" */;
			compatibilityVersion = "Xcode 8.0";
			developmentRegion = en;
			hasScannedForEncodings = 0;
			knownRegions = (
				en,
				Base,
			);
			mainGroup = 01650D4B206D4AF200D624C3;
			productRefGroup = 01650D55206D4AF200D624C3 /* Products */;
			projectDirPath = "";
			projectRoot = "";
			targets = (
				01650D53206D4AF200D624C3 /* ImageBase64 */,
				01650D66206D4AF200D624C3 /* ImageBase64Tests */,
				01650D71206D4AF200D624C3 /* ImageBase64UITests */,
			);
		};
/* End PBXProject section */

/* Begin PBXResourcesBuildPhase section */
		01650D52206D4AF200D624C3 /* Resources */ = {
			isa = PBXResourcesBuildPhase;
			buildActionMask = 2147483647;
			files = (
				01650D5B206D4AF200D624C3 /* Assets.xcassets in Resources */,
				01650D5E206D4AF200D624C3 /* MainMenu.xib in Resources */,
			);
			runOnlyForDeploymentPostprocessing = 0;
		};
		01650D65206D4AF200D624C3 /* Resources */ = {
			isa = PBXResourcesBuildPhase;
			buildActionMask = 2147483647;
			files = (
			);
			runOnlyForDeploymentPostprocessing = 0;
		};
		01650D70206D4AF200D624C3 /* Resources */ = {
			isa = PBXResourcesBuildPhase;
			buildActionMask = 2147483647;
			files = (
			);
			runOnlyForDeploymentPostprocessing = 0;
		};
/* End PBXResourcesBuildPhase section */

/* Begin PBXSourcesBuildPhase section */
		01650D50206D4AF200D624C3 /* Sources */ = {
			isa = PBXSourcesBuildPhase;
			buildActionMask = 2147483647;
			files = (
				01650D61206D4AF200D624C3 /* main.m in Sources */,
				01650D59206D4AF200D624C3 /* AppDelegate.m in Sources */,
			);
			runOnlyForDeploymentPostprocessing = 0;
		};
		01650D63206D4AF200D624C3 /* Sources */ = {
			isa = PBXSourcesBuildPhase;
			buildActionMask = 2147483647;
			files = (
				01650D6C206D4AF200D624C3 /* ImageBase64Tests.m in Sources */,
			);
			runOnlyForDeploymentPostprocessing = 0;
		};
		01650D6E206D4AF200D624C3 /* Sources */ = {
			isa = PBXSourcesBuildPhase;
			buildActionMask = 2147483647;
			files = (
				01650D77206D4AF200D624C3 /* ImageBase64UITests.m in Sources */,
			);
			runOnlyForDeploymentPostprocessing = 0;
		};
/* End PBXSourcesBuildPhase section */

/* Begin PBXTargetDependency section */
		01650D69206D4AF200D624C3 /* PBXTargetDependency */ = {
			isa = PBXTargetDependency;
			target = 01650D53206D4AF200D624C3 /* ImageBase64 */;
			targetProxy = 01650D68206D4AF200D624C3 /* PBXContainerItemProxy */;
		};
		01650D74206D4AF200D624C3 /* PBXTargetDependency */ = {
			isa = PBXTargetDependency;
			target = 01650D53206D4AF200D624C3 /* ImageBase64 */;
			targetProxy = 01650D73206D4AF200D624C3 /* PBXContainerItemProxy */;
		};
/* End PBXTargetDependency section */

/* Begin PBXVariantGroup section */
		01650D5C206D4AF200D624C3 /* MainMenu.xib */ = {
			isa = PBXVariantGroup;
			children = (
				01650D5D206D4AF200D624C3 /* Base */,
			);
			name = MainMenu.xib;
			sourceTree = "<group>";
		};
/* End PBXVariantGroup section */

/* Begin XCBuildConfiguration section */
		01650D79206D4AF200D624C3 /* Debug */ = {
			isa = XCBuildConfiguration;
			buildSettings = {
				ALWAYS_SEARCH_USER_PATHS = NO;
				CLANG_ANALYZER_NONNULL = YES;
				CLANG_ANALYZER_NUMBER_OBJECT_CONVERSION = YES_AGGRESSIVE;
				CLANG_CXX_LANGUAGE_STANDARD = "gnu++14";
				CLANG_CXX_LIBRARY = "libc++";
				CLANG_ENABLE_MODULES = YES;
				CLANG_ENABLE_OBJC_ARC = YES;
				CLANG_WARN_BLOCK_CAPTURE_AUTORELEASING = YES;
				CLANG_WARN_BOOL_CONVERSION = YES;
				CLANG_WARN_COMMA = YES;
				CLANG_WARN_CONSTANT_CONVERSION = YES;
				CLANG_WARN_DIRECT_OBJC_ISA_USAGE = YES_ERROR;
				CLANG_WARN_DOCUMENTATION_COMMENTS = YES;
				CLANG_WARN_EMPTY_BODY = YES;
				CLANG_WARN_ENUM_CONVERSION = YES;
				CLANG_WARN_INFINITE_RECURSION = YES;
				CLANG_WARN_INT_CONVERSION = YES;
				CLANG_WARN_NON_LITERAL_NULL_CONVERSION = YES;
				CLANG_WARN_OBJC_LITERAL_CONVERSION = YES;
				CLANG_WARN_OBJC_ROOT_CLASS = YES_ERROR;
				CLANG_WARN_RANGE_LOOP_ANALYSIS = YES;
				CLANG_WARN_STRICT_PROTOTYPES = YES;
				CLANG_WARN_SUSPICIOUS_MOVE = YES;
				CLANG_WARN_UNGUARDED_AVAILABILITY = YES_AGGRESSIVE;
				CLANG_WARN_UNREACHABLE_CODE = YES;
				CLANG_WARN__DUPLICATE_METHOD_MATCH = YES;
				CODE_SIGN_IDENTITY = "Mac Developer";
				COPY_PHASE_STRIP = NO;
				DEBUG_INFORMATION_FORMAT = dwarf;
				ENABLE_STRICT_OBJC_MSGSEND = YES;
				ENABLE_TESTABILITY = YES;
				GCC_C_LANGUAGE_STANDARD = gnu11;
				GCC_DYNAMIC_NO_PIC = NO;
				GCC_NO_COMMON_BLOCKS = YES;
				GCC_OPTIMIZATION_LEVEL = 0;
				GCC_PREPROCESSOR_DEFINITIONS = (
					"DEBUG=1",
					"$(inherited)",
				);
				GCC_WARN_64_TO_32_BIT_CONVERSION = YES;
				GCC_WARN_ABOUT_RETURN_TYPE = YES_ERROR;
				GCC_WARN_UNDECLARED_SELECTOR = YES;
				GCC_WARN_UNINITIALIZED_AUTOS = YES_AGGRESSIVE;
				GCC_WARN_UNUSED_FUNCTION = YES;
				GCC_WARN_UNUSED_VARIABLE = YES;
				MACOSX_DEPLOYMENT_TARGET = 10.13;
				MTL_ENABLE_DEBUG_INFO = YES;
				ONLY_ACTIVE_ARCH = YES;
				SDKROOT = macosx;
			};
			name = Debug;
		};
		01650D7A206D4AF200D624C3 /* Release */ = {
			isa = XCBuildConfiguration;
			buildSettings = {
				ALWAYS_SEARCH_USER_PATHS = NO;
				CLANG_ANALYZER_NONNULL = YES;
				CLANG_ANALYZER_NUMBER_OBJECT_CONVERSION = YES_AGGRESSIVE;
				CLANG_CXX_LANGUAGE_STANDARD = "gnu++14";
				CLANG_CXX_LIBRARY = "libc++";
				CLANG_ENABLE_MODULES = YES;
				CLANG_ENABLE_OBJC_ARC = YES;
				CLANG_WARN_BLOCK_CAPTURE_AUTORELEASING = YES;
				CLANG_WARN_BOOL_CONVERSION = YES;
				CLANG_WARN_COMMA = YES;
				CLANG_WARN_CONSTANT_CONVERSION = YES;
				CLANG_WARN_DIRECT_OBJC_ISA_USAGE = YES_ERROR;
				CLANG_WARN_DOCUMENTATION_COMMENTS = YES;
				CLANG_WARN_EMPTY_BODY = YES;
				CLANG_WARN_ENUM_CONVERSION = YES;
				CLANG_WARN_INFINITE_RECURSION = YES;
				CLANG_WARN_INT_CONVERSION = YES;
				CLANG_WARN_NON_LITERAL_NULL_CONVERSION = YES;
				CLANG_WARN_OBJC_LITERAL_CONVERSION = YES;
				CLANG_WARN_OBJC_ROOT_CLASS = YES_ERROR;
				CLANG_WARN_RANGE_LOOP_ANALYSIS = YES;
				CLANG_WARN_STRICT_PROTOTYPES = YES;
				CLANG_WARN_SUSPICIOUS_MOVE = YES;
				CLANG_WARN_UNGUARDED_AVAILABILITY = YES_AGGRESSIVE;
				CLANG_WARN_UNREACHABLE_CODE = YES;
				CLANG_WARN__DUPLICATE_METHOD_MATCH = YES;
				CODE_SIGN_IDENTITY = "Mac Developer";
				COPY_PHASE_STRIP = NO;
				DEBUG_INFORMATION_FORMAT = "dwarf-with-dsym";
				ENABLE_NS_ASSERTIONS = NO;
				ENABLE_STRICT_OBJC_MSGSEND = YES;
				GCC_C_LANGUAGE_STANDARD = gnu11;
				GCC_NO_COMMON_BLOCKS = YES;
				GCC_WARN_64_TO_32_BIT_CONVERSION = YES;
				GCC_WARN_ABOUT_RETURN_TYPE = YES_ERROR;
				GCC_WARN_UNDECLARED_SELECTOR = YES;
				GCC_WARN_UNINITIALIZED_AUTOS = YES_AGGRESSIVE;
				GCC_WARN_UNUSED_FUNCTION = YES;
				GCC_WARN_UNUSED_VARIABLE = YES;
				MACOSX_DEPLOYMENT_TARGET = 10.13;
				MTL_ENABLE_DEBUG_INFO = NO;
				SDKROOT = macosx;
			};
			name = Release;
		};
		01650D7C206D4AF200D624C3 /* Debug */ = {
			isa = XCBuildConfiguration;
			buildSettings = {
				ASSETCATALOG_COMPILER_APPICON_NAME = AppIcon;
				CODE_SIGN_ENTITLEMENTS = ImageBase64/ImageBase64.entitlements;
				CODE_SIGN_STYLE = Automatic;
				COMBINE_HIDPI_IMAGES = YES;
				DEVELOPMENT_TEAM = 5YC877BL4Z;
				INFOPLIST_FILE = ImageBase64/Info.plist;
				LD_RUNPATH_SEARCH_PATHS = "$(inherited) @executable_path/../Frameworks";
				MACOSX_DEPLOYMENT_TARGET = 10.9;
				PRODUCT_BUNDLE_IDENTIFIER = nl.theredhead.ImageBase64;
				PRODUCT_NAME = "$(TARGET_NAME)";
			};
			name = Debug;
		};
		01650D7D206D4AF200D624C3 /* Release */ = {
			isa = XCBuildConfiguration;
			buildSettings = {
				ASSETCATALOG_COMPILER_APPICON_NAME = AppIcon;
				CODE_SIGN_ENTITLEMENTS = ImageBase64/ImageBase64.entitlements;
				CODE_SIGN_STYLE = Automatic;
				COMBINE_HIDPI_IMAGES = YES;
				DEVELOPMENT_TEAM = 5YC877BL4Z;
				INFOPLIST_FILE = ImageBase64/Info.plist;
				LD_RUNPATH_SEARCH_PATHS = "$(inherited) @executable_path/../Frameworks";
				MACOSX_DEPLOYMENT_TARGET = 10.9;
				PRODUCT_BUNDLE_IDENTIFIER = nl.theredhead.ImageBase64;
				PRODUCT_NAME = "$(TARGET_NAME)";
			};
			name = Release;
		};
		01650D7F206D4AF200D624C3 /* Debug */ = {
			isa = XCBuildConfiguration;
			buildSettings = {
				BUNDLE_LOADER = "$(TEST_HOST)";
				CODE_SIGN_STYLE = Automatic;
				COMBINE_HIDPI_IMAGES = YES;
				DEVELOPMENT_TEAM = 5YC877BL4Z;
				INFOPLIST_FILE = ImageBase64Tests/Info.plist;
				LD_RUNPATH_SEARCH_PATHS = "$(inherited) @executable_path/../Frameworks @loader_path/../Frameworks";
				PRODUCT_BUNDLE_IDENTIFIER = nl.theredhead.ImageBase64Tests;
				PRODUCT_NAME = "$(TARGET_NAME)";
				TEST_HOST = "$(BUILT_PRODUCTS_DIR)/ImageBase64.app/Contents/MacOS/ImageBase64";
			};
			name = Debug;
		};
		01650D80206D4AF200D624C3 /* Release */ = {
			isa = XCBuildConfiguration;
			buildSettings = {
				BUNDLE_LOADER = "$(TEST_HOST)";
				CODE_SIGN_STYLE = Automatic;
				COMBINE_HIDPI_IMAGES = YES;
				DEVELOPMENT_TEAM = 5YC877BL4Z;
				INFOPLIST_FILE = ImageBase64Tests/Info.plist;
				LD_RUNPATH_SEARCH_PATHS = "$(inherited) @executable_path/../Frameworks @loader_path/../Frameworks";
				PRODUCT_BUNDLE_IDENTIFIER = nl.theredhead.ImageBase64Tests;
				PRODUCT_NAME = "$(TARGET_NAME)";
				TEST_HOST = "$(BUILT_PRODUCTS_DIR)/ImageBase64.app/Contents/MacOS/ImageBase64";
			};
			name = Release;
		};
		01650D82206D4AF200D624C3 /* Debug */ = {
			isa = XCBuildConfiguration;
			buildSettings = {
				CODE_SIGN_STYLE = Automatic;
				COMBINE_HIDPI_IMAGES = YES;
				DEVELOPMENT_TEAM = 5YC877BL4Z;
				INFOPLIST_FILE = ImageBase64UITests/Info.plist;
				LD_RUNPATH_SEARCH_PATHS = "$(inherited) @executable_path/../Frameworks @loader_path/../Frameworks";
				PRODUCT_BUNDLE_IDENTIFIER = nl.theredhead.ImageBase64UITests;
				PRODUCT_NAME = "$(TARGET_NAME)";
				TEST_TARGET_NAME = ImageBase64;
			};
			name = Debug;
		};
		01650D83206D4AF200D624C3 /* Release */ = {
			isa = XCBuildConfiguration;
			buildSettings = {
				CODE_SIGN_STYLE = Automatic;
				COMBINE_HIDPI_IMAGES = YES;
				DEVELOPMENT_TEAM = 5YC877BL4Z;
				INFOPLIST_FILE = ImageBase64UITests/Info.plist;
				LD_RUNPATH_SEARCH_PATHS = "$(inherited) @executable_path/../Frameworks @loader_path/../Frameworks";
				PRODUCT_BUNDLE_IDENTIFIER = nl.theredhead.ImageBase64UITests;
				PRODUCT_NAME = "$(TARGET_NAME)";
				TEST_TARGET_NAME = ImageBase64;
			};
			name = Release;
		};
/* End XCBuildConfiguration section */

/* Begin XCConfigurationList section */
		01650D4F206D4AF200D624C3 /* Build configuration list for PBXProject "ImageBase64" */ = {
			isa = XCConfigurationList;
			buildConfigurations = (
				01650D79206D4AF200D624C3 /* Debug */,
				01650D7A206D4AF200D624C3 /* Release */,
			);
			defaultConfigurationIsVisible = 0;
			defaultConfigurationName = Release;
		};
		01650D7B206D4AF200D624C3 /* Build configuration list for PBXNativeTarget "ImageBase64" */ = {
			isa = XCConfigurationList;
			buildConfigurations = (
				01650D7C206D4AF200D624C3 /* Debug */,
				01650D7D206D4AF200D624C3 /* Release */,
			);
			defaultConfigurationIsVisible = 0;
			defaultConfigurationName = Release;
		};
		01650D7E206D4AF200D624C3 /* Build configuration list for PBXNativeTarget "ImageBase64Tests" */ = {
			isa = XCConfigurationList;
			buildConfigurations = (
				01650D7F206D4AF200D624C3 /* Debug */,
				01650D80206D4AF200D624C3 /* Release */,
			);
			defaultConfigurationIsVisible = 0;
			defaultConfigurationName = Release;
		};
		01650D81206D4AF200D624C3 /* Build configuration list for PBXNativeTarget "ImageBase64UITests" */ = {
			isa = XCConfigurationList;
			buildConfigurations = (
				01650D82206D4AF200D624C3 /* Debug */,
				01650D83206D4AF200D624C3 /* Release */,
			);
			defaultConfigurationIsVisible = 0;
			defaultConfigurationName = Release;
		};
/* End XCConfigurationList section */
	};
	rootObject = 01650D4C206D4AF200D624C3 /* Project object */;
}
